[ "cowboy": {:git, "git://github.com/extend/cowboy.git", "8993249e421fbfff603cedec70e90be64d3694e6", []},
  "cowlib": {:git, "git://github.com/extend/cowlib.git", "0d4ece08a7cce90a07cf33d4edad29bc324c7d90", [ref: "0.5.1"]},
  "ex_conf": {:git, "git://github.com/phoenixframework/ex_conf.git", "e6309e223d55a0dd6be63860ae8af5e0f021c11d", []},
  "ex_doc": {:git, "git://github.com/elixir-lang/ex_doc.git", "c14203bfca186f68ff178e5ada9af4f5fb37e205", []},
  "inflex": {:git, "git://github.com/nurugger07/inflex.git", "1c005616750bab726e53d44a9e555b4136276f3a", []},
  "mime": {:git, "git://github.com/dynamo/mime.git", "db84370c53a67a7e58a4d0cfb026f4edc64a9367", []},
  "plug": {:git, "git://github.com/elixir-lang/plug.git", "3bf2d8c5548dc1b17ca4f23150c2008fe7c9230d", []},
  "ranch": {:git, "git://github.com/extend/ranch.git", "5df1f222f94e08abdcab7084f5e13027143cc222", [ref: "0.9.0"]} ]
